
Microsoft Visual Studio Solution File, Format Version 12.00
# Visual Studio Version 17
VisualStudioVersion = 17.2.32519.379
MinimumVisualStudioVersion = 10.0.40219.1
Project("{FAE04EC0-301F-11D3-BF4B-00C04F79EFBC}") = "DemoHttpTriggerFunc", "DemoHttpTriggerFunc\DemoHttpTriggerFunc.csproj", "{914880E7-A4E1-4980-9635-6BE65C1DBC6B}"
EndProject
Global
	GlobalSection(SolutionConfigurationPlatforms) = preSolution
		Debug|Any CPU = Debug|Any CPU
		Release|Any CPU = Release|Any CPU
	EndGlobalSection
	GlobalSection(ProjectConfigurationPlatforms) = postSolution
		{914880E7-A4E1-4980-9635-6BE65C1DBC6B}.Debug|Any CPU.ActiveCfg = Debug|Any CPU
		{914880E7-A4E1-4980-9635-6BE65C1DBC6B}.Debug|Any CPU.Build.0 = Debug|Any CPU
		{914880E7-A4E1-4980-9635-6BE65C1DBC6B}.Release|Any CPU.ActiveCfg = Release|Any CPU
		{914880E7-A4E1-4980-9635-6BE65C1DBC6B}.Release|Any CPU.Build.0 = Release|Any CPU
	EndGlobalSection
	GlobalSection(SolutionProperties) = preSolution
		HideSolutionNode = FALSE
	EndGlobalSection
	GlobalSection(ExtensibilityGlobals) = postSolution
		SolutionGuid = {CD5FF98F-3D7E-4EA3-B21A-ABBC069CDD93}
	EndGlobalSection
EndGlobal
